PODS:
  - Alamofire (5.4.4)
  - Kingfisher (5.15.8):
    - Kingfisher/Core (= 5.15.8)
  - Kingfisher/Core (5.15.8)
  - SnapKit (5.0.1)
  - Then (2.7.0)

DEPENDENCIES:
  - Alamofire (~> 5.1)
  - Kingfisher (~> 5.0)
  - SnapKit (~> 5.0.0)
  - Then

SPEC REPOS:
  trunk:
    - Alamofire
    - Kingfisher
    - SnapKit
    - Then

SPEC CHECKSUMS:
  Alamofire: f3b09a368f1582ab751b3fff5460276e0d2cf5c9
  Kingfisher: a3c03d702433fa6cfedabb2bddbe076fb8f2e902
  SnapKit: 97b92857e3df3a0c71833cce143274bf6ef8e5eb
  Then: acfe0be7e98221c6204e12f8161459606d5d822d

PODFILE CHECKSUM: fc1c23e99c806e91ba839ffa417e42abdf4d95b4

COCOAPODS: 1.11.2
