// !$*UTF8*$!
{
	archiveVersion = 1;
	classes = {
	};
	objectVersion = 55;
	objects = {

/* Begin PBXBuildFile section */
		6A090CA306EA49226DDC0A01 /* Pods_MEEW_Client.framework in Frameworks */ = {isa = PBXBuildFile; fileRef = 98BEA8BD86C29D64B7CA220D /* Pods_MEEW_Client.framework */; };
		6F257EEC2749A3E00055EE43 /* GetToDoService.swift in Sources */ = {isa = PBXBuildFile; fileRef = 6F257EEB2749A3E00055EE43 /* GetToDoService.swift */; };
		6F257EEE2749A54B0055EE43 /* DataModel.swift in Sources */ = {isa = PBXBuildFile; fileRef = 6F257EED2749A54B0055EE43 /* DataModel.swift */; };
		6F3134AE27FF02A400FE1EB4 /* JoinVC.swift in Sources */ = {isa = PBXBuildFile; fileRef = 6F3134AC27FF02A400FE1EB4 /* JoinVC.swift */; };
		6F3134AF27FF02A400FE1EB4 /* JoinVC.xib in Resources */ = {isa = PBXBuildFile; fileRef = 6F3134AD27FF02A400FE1EB4 /* JoinVC.xib */; };
		6F65C67B2829113B00DD017A /* FinishedModalVC.swift in Sources */ = {isa = PBXBuildFile; fileRef = 6F65C67A2829113B00DD017A /* FinishedModalVC.swift */; };
		6F65C67F2829320600DD017A /* BottomSheetVC.swift in Sources */ = {isa = PBXBuildFile; fileRef = 6F65C67E2829320600DD017A /* BottomSheetVC.swift */; };
		6F673C042837F26400B7E0D3 /* MyCell.swift in Sources */ = {isa = PBXBuildFile; fileRef = 6F673C032837F26400B7E0D3 /* MyCell.swift */; };
		6F8A3B7927FEE48E000FBABE /* Montserrat-Bold.ttf in Resources */ = {isa = PBXBuildFile; fileRef = 6F8A3B7827FEE48E000FBABE /* Montserrat-Bold.ttf */; };
		6F94BF57283768A600345FFA /* ContentVC.swift in Sources */ = {isa = PBXBuildFile; fileRef = 6F94BF56283768A600345FFA /* ContentVC.swift */; };
		6FDCA78B2827E9F100BB0836 /* ToDoVC.swift in Sources */ = {isa = PBXBuildFile; fileRef = 6FDCA7892827E9F100BB0836 /* ToDoVC.swift */; };
		6FDCA78E2828005E00BB0836 /* UIButton+.swift in Sources */ = {isa = PBXBuildFile; fileRef = 6FDCA78D2828005E00BB0836 /* UIButton+.swift */; };
		BD339A0327493ABF00021E91 /* AppDelegate.swift in Sources */ = {isa = PBXBuildFile; fileRef = BD339A0227493ABF00021E91 /* AppDelegate.swift */; };
		BD339A0527493ABF00021E91 /* SceneDelegate.swift in Sources */ = {isa = PBXBuildFile; fileRef = BD339A0427493ABF00021E91 /* SceneDelegate.swift */; };
		BD339A0A27493ABF00021E91 /* Main.storyboard in Resources */ = {isa = PBXBuildFile; fileRef = BD339A0827493ABF00021E91 /* Main.storyboard */; };
		BD339A0C27493AC300021E91 /* Assets.xcassets in Resources */ = {isa = PBXBuildFile; fileRef = BD339A0B27493AC300021E91 /* Assets.xcassets */; };
		BD339A0F27493AC300021E91 /* LaunchScreen.storyboard in Resources */ = {isa = PBXBuildFile; fileRef = BD339A0D27493AC300021E91 /* LaunchScreen.storyboard */; };
		BD339A1C27493B9200021E91 /* BaseVC.storyboard in Resources */ = {isa = PBXBuildFile; fileRef = BD339A1B27493B9200021E91 /* BaseVC.storyboard */; };
		BD339A1F27493B9E00021E91 /* BaseVC.swift in Sources */ = {isa = PBXBuildFile; fileRef = BD339A1E27493B9E00021E91 /* BaseVC.swift */; };
		BD339A2827493C5600021E91 /* Palette.swift in Sources */ = {isa = PBXBuildFile; fileRef = BD339A2727493C5600021E91 /* Palette.swift */; };
		BD339A2A27493C6200021E91 /* Font.swift in Sources */ = {isa = PBXBuildFile; fileRef = BD339A2927493C6100021E91 /* Font.swift */; };
		BD339A2C27493C6700021E91 /* Image.swift in Sources */ = {isa = PBXBuildFile; fileRef = BD339A2B27493C6700021E91 /* Image.swift */; };
		BD339A3027493D6500021E91 /* Reusable.swift in Sources */ = {isa = PBXBuildFile; fileRef = BD339A2F27493D6500021E91 /* Reusable.swift */; };
		BD339A3327493E5700021E91 /* APIConstants.swift in Sources */ = {isa = PBXBuildFile; fileRef = BD339A3227493E5700021E91 /* APIConstants.swift */; };
		BD339A3527493EEB00021E91 /* NetworkResult.swift in Sources */ = {isa = PBXBuildFile; fileRef = BD339A3427493EEB00021E91 /* NetworkResult.swift */; };
		BD339A3727493F3A00021E91 /* GenericResponse.swift in Sources */ = {isa = PBXBuildFile; fileRef = BD339A3627493F3A00021E91 /* GenericResponse.swift */; };
		BD3B54742852038F003D91D3 /* ProfileView.swift in Sources */ = {isa = PBXBuildFile; fileRef = BD3B54732852038F003D91D3 /* ProfileView.swift */; };
		BD3B547628520928003D91D3 /* SettingRow.swift in Sources */ = {isa = PBXBuildFile; fileRef = BD3B547528520928003D91D3 /* SettingRow.swift */; };
		BD3B547828520D14003D91D3 /* InfoView.swift in Sources */ = {isa = PBXBuildFile; fileRef = BD3B547728520D14003D91D3 /* InfoView.swift */; };
		BD45C412274947B500229D35 /* SelectVC.storyboard in Resources */ = {isa = PBXBuildFile; fileRef = BD45C411274947B500229D35 /* SelectVC.storyboard */; };
		BD45C415274947C600229D35 /* SelectVC.swift in Sources */ = {isa = PBXBuildFile; fileRef = BD45C414274947C600229D35 /* SelectVC.swift */; };
		BD45C428274968FB00229D35 /* UIApplication+.swift in Sources */ = {isa = PBXBuildFile; fileRef = BD45C427274968FB00229D35 /* UIApplication+.swift */; };
		BD45C42A27496A8700229D35 /* AppDelegate+.swift in Sources */ = {isa = PBXBuildFile; fileRef = BD45C42927496A8700229D35 /* AppDelegate+.swift */; };
		BD45C42C27496BA000229D35 /* UIView+.swift in Sources */ = {isa = PBXBuildFile; fileRef = BD45C42B27496BA000229D35 /* UIView+.swift */; };
		BD45C42E27496C4700229D35 /* PopUpVC.swift in Sources */ = {isa = PBXBuildFile; fileRef = BD45C42D27496C4700229D35 /* PopUpVC.swift */; };
		BD45C4352749937A00229D35 /* CompletePopUp.xib in Resources */ = {isa = PBXBuildFile; fileRef = BD45C4342749937A00229D35 /* CompletePopUp.xib */; };
		BD45C4372749938400229D35 /* CompletePopUp.swift in Sources */ = {isa = PBXBuildFile; fileRef = BD45C4362749938400229D35 /* CompletePopUp.swift */; };
		BD4C26842853170000EFAEE5 /* ProfileEditViewController.swift in Sources */ = {isa = PBXBuildFile; fileRef = BD4C26832853170000EFAEE5 /* ProfileEditViewController.swift */; };
		BD772D5528B75C02006CBD6B /* ArchiveDetailVC.swift in Sources */ = {isa = PBXBuildFile; fileRef = BD772D5428B75C02006CBD6B /* ArchiveDetailVC.swift */; };
		BD772D5728B75C3B006CBD6B /* ArchiveDetailView.swift in Sources */ = {isa = PBXBuildFile; fileRef = BD772D5628B75C3B006CBD6B /* ArchiveDetailView.swift */; };
		BD772D5928B75F7F006CBD6B /* ArchiveTodoTVC.swift in Sources */ = {isa = PBXBuildFile; fileRef = BD772D5828B75F7F006CBD6B /* ArchiveTodoTVC.swift */; };
		BDABFA4728508CAB00883B32 /* NavigationBarView.swift in Sources */ = {isa = PBXBuildFile; fileRef = BDABFA4628508CAB00883B32 /* NavigationBarView.swift */; };
		BDABFA492850928600883B32 /* SettingViewController.swift in Sources */ = {isa = PBXBuildFile; fileRef = BDABFA482850928600883B32 /* SettingViewController.swift */; };
		BDABFA4B2850930700883B32 /* SettingViewController.storyboard in Resources */ = {isa = PBXBuildFile; fileRef = BDABFA4A2850930700883B32 /* SettingViewController.storyboard */; };
		BDC5CC8E28AD4D1600CBDE12 /* ArchiveVC.swift in Sources */ = {isa = PBXBuildFile; fileRef = BDC5CC8D28AD4D1600CBDE12 /* ArchiveVC.swift */; };
		BDC5CC9128AD4D8C00CBDE12 /* ArchiveTVC.swift in Sources */ = {isa = PBXBuildFile; fileRef = BDC5CC9028AD4D8C00CBDE12 /* ArchiveTVC.swift */; };
		BDC5CC9328AD4DC900CBDE12 /* ArchiveBannerView.swift in Sources */ = {isa = PBXBuildFile; fileRef = BDC5CC9228AD4DC900CBDE12 /* ArchiveBannerView.swift */; };
		BDC5CC9528AD4DE700CBDE12 /* ArchiveAllVC.swift in Sources */ = {isa = PBXBuildFile; fileRef = BDC5CC9428AD4DE700CBDE12 /* ArchiveAllVC.swift */; };
		BDC5CC9728AD4E1600CBDE12 /* ArchiveHeaderView.swift in Sources */ = {isa = PBXBuildFile; fileRef = BDC5CC9628AD4E1600CBDE12 /* ArchiveHeaderView.swift */; };
		BDC5CC9928AD4E2500CBDE12 /* ArchiveAllHeaderView.swift in Sources */ = {isa = PBXBuildFile; fileRef = BDC5CC9828AD4E2500CBDE12 /* ArchiveAllHeaderView.swift */; };
		BDC5CC9B28AD4E8C00CBDE12 /* ArchiveEmptyView.swift in Sources */ = {isa = PBXBuildFile; fileRef = BDC5CC9A28AD4E8C00CBDE12 /* ArchiveEmptyView.swift */; };
		BDC5CC9D28ADB9EE00CBDE12 /* ArchiveLevelProgressView.swift in Sources */ = {isa = PBXBuildFile; fileRef = BDC5CC9C28ADB9EE00CBDE12 /* ArchiveLevelProgressView.swift */; };
		F22A7C2E284A3732006C6572 /* LoadingView.xib in Resources */ = {isa = PBXBuildFile; fileRef = F22A7C2D284A3732006C6572 /* LoadingView.xib */; };
		F2C6770A27C7DA320020B8F4 /* SelectCarouselLayout.swift in Sources */ = {isa = PBXBuildFile; fileRef = F2C6770927C7DA320020B8F4 /* SelectCarouselLayout.swift */; };
		F2C6AAD8284A358A00613BF7 /* LoadingView.swift in Sources */ = {isa = PBXBuildFile; fileRef = F2C6AAD7284A358A00613BF7 /* LoadingView.swift */; };
		F2E1CAC8281FC41400E4B1FD /* NicknameVC.storyboard in Resources */ = {isa = PBXBuildFile; fileRef = F2E1CAC7281FC41400E4B1FD /* NicknameVC.storyboard */; };
		F2E1CACA281FC63500E4B1FD /* NicknameVC.swift in Sources */ = {isa = PBXBuildFile; fileRef = F2E1CAC9281FC63500E4B1FD /* NicknameVC.swift */; };
		F2EC39F9274962CD00805FE3 /* Color.xcassets in Resources */ = {isa = PBXBuildFile; fileRef = F2EC39F8274962CD00805FE3 /* Color.xcassets */; };
		F2EC39FB2749635B00805FE3 /* Spoqa Han Sans Neo Bold.otf in Resources */ = {isa = PBXBuildFile; fileRef = F2EC39FA2749635B00805FE3 /* Spoqa Han Sans Neo Bold.otf */; };
		F2EC39FD2749636B00805FE3 /* Spoqa Han Sans Neo Light.otf in Resources */ = {isa = PBXBuildFile; fileRef = F2EC39FC2749636B00805FE3 /* Spoqa Han Sans Neo Light.otf */; };
		F2EC3A012749637400805FE3 /* Spoqa Han Sans Neo Thin.otf in Resources */ = {isa = PBXBuildFile; fileRef = F2EC39FE2749637400805FE3 /* Spoqa Han Sans Neo Thin.otf */; };
		F2EC3A022749637400805FE3 /* Spoqa Han Sans Neo Medium.otf in Resources */ = {isa = PBXBuildFile; fileRef = F2EC39FF2749637400805FE3 /* Spoqa Han Sans Neo Medium.otf */; };
		F2EC3A032749637400805FE3 /* Spoqa Han Sans Neo Regular.otf in Resources */ = {isa = PBXBuildFile; fileRef = F2EC3A002749637400805FE3 /* Spoqa Han Sans Neo Regular.otf */; };
		F2EC3A0727496AA000805FE3 /* SelectCharacterCVC.swift in Sources */ = {isa = PBXBuildFile; fileRef = F2EC3A0527496AA000805FE3 /* SelectCharacterCVC.swift */; };
		F2EC3A0827496AA000805FE3 /* SelectCharacterCVC.xib in Resources */ = {isa = PBXBuildFile; fileRef = F2EC3A0627496AA000805FE3 /* SelectCharacterCVC.xib */; };
		F2EC3A0A27496CD200805FE3 /* SelectCharcterDataModel.swift in Sources */ = {isa = PBXBuildFile; fileRef = F2EC3A0927496CD200805FE3 /* SelectCharcterDataModel.swift */; };
		F2EC3A0F2749A1D400805FE3 /* CharacterListService.swift in Sources */ = {isa = PBXBuildFile; fileRef = F2EC3A0E2749A1D400805FE3 /* CharacterListService.swift */; };
		F2EC3A112749A47B00805FE3 /* CharacterRequestDataModel.swift in Sources */ = {isa = PBXBuildFile; fileRef = F2EC3A102749A47B00805FE3 /* CharacterRequestDataModel.swift */; };
/* End PBXBuildFile section */

/* Begin PBXFileReference section */
		092457F45C406AD811590023 /* Pods-MEEW-Client.debug.xcconfig */ = {isa = PBXFileReference; includeInIndex = 1; lastKnownFileType = text.xcconfig; name = "Pods-MEEW-Client.debug.xcconfig"; path = "Target Support Files/Pods-MEEW-Client/Pods-MEEW-Client.debug.xcconfig"; sourceTree = "<group>"; };
		6F257EEB2749A3E00055EE43 /* GetToDoService.swift */ = {isa = PBXFileReference; lastKnownFileType = sourcecode.swift; path = GetToDoService.swift; sourceTree = "<group>"; };
		6F257EED2749A54B0055EE43 /* DataModel.swift */ = {isa = PBXFileReference; lastKnownFileType = sourcecode.swift; path = DataModel.swift; sourceTree = "<group>"; };
		6F3134AC27FF02A400FE1EB4 /* JoinVC.swift */ = {isa = PBXFileReference; lastKnownFileType = sourcecode.swift; path = JoinVC.swift; sourceTree = "<group>"; };
		6F3134AD27FF02A400FE1EB4 /* JoinVC.xib */ = {isa = PBXFileReference; lastKnownFileType = file.xib; path = JoinVC.xib; sourceTree = "<group>"; };
		6F65C67A2829113B00DD017A /* FinishedModalVC.swift */ = {isa = PBXFileReference; lastKnownFileType = sourcecode.swift; path = FinishedModalVC.swift; sourceTree = "<group>"; };
		6F65C67E2829320600DD017A /* BottomSheetVC.swift */ = {isa = PBXFileReference; lastKnownFileType = sourcecode.swift; path = BottomSheetVC.swift; sourceTree = "<group>"; };
		6F673C032837F26400B7E0D3 /* MyCell.swift */ = {isa = PBXFileReference; lastKnownFileType = sourcecode.swift; path = MyCell.swift; sourceTree = "<group>"; };
		6F8A3B7827FEE48E000FBABE /* Montserrat-Bold.ttf */ = {isa = PBXFileReference; lastKnownFileType = file; path = "Montserrat-Bold.ttf"; sourceTree = "<group>"; };
		6F94BF56283768A600345FFA /* ContentVC.swift */ = {isa = PBXFileReference; lastKnownFileType = sourcecode.swift; path = ContentVC.swift; sourceTree = "<group>"; };
		6FDCA7892827E9F100BB0836 /* ToDoVC.swift */ = {isa = PBXFileReference; lastKnownFileType = sourcecode.swift; path = ToDoVC.swift; sourceTree = "<group>"; wrapsLines = 0; };
		6FDCA78D2828005E00BB0836 /* UIButton+.swift */ = {isa = PBXFileReference; lastKnownFileType = sourcecode.swift; path = "UIButton+.swift"; sourceTree = "<group>"; };
		98BEA8BD86C29D64B7CA220D /* Pods_MEEW_Client.framework */ = {isa = PBXFileReference; explicitFileType = wrapper.framework; includeInIndex = 0; path = Pods_MEEW_Client.framework; sourceTree = BUILT_PRODUCTS_DIR; };
		BD09E1AA2809A1C30005D4B3 /* MEEW-Client.entitlements */ = {isa = PBXFileReference; lastKnownFileType = text.plist.entitlements; path = "MEEW-Client.entitlements"; sourceTree = "<group>"; };
		BD3399FF27493ABF00021E91 /* MEEW-Client.app */ = {isa = PBXFileReference; explicitFileType = wrapper.application; includeInIndex = 0; path = "MEEW-Client.app"; sourceTree = BUILT_PRODUCTS_DIR; };
		BD339A0227493ABF00021E91 /* AppDelegate.swift */ = {isa = PBXFileReference; lastKnownFileType = sourcecode.swift; path = AppDelegate.swift; sourceTree = "<group>"; };
		BD339A0427493ABF00021E91 /* SceneDelegate.swift */ = {isa = PBXFileReference; lastKnownFileType = sourcecode.swift; path = SceneDelegate.swift; sourceTree = "<group>"; };
		BD339A0927493ABF00021E91 /* Base */ = {isa = PBXFileReference; lastKnownFileType = file.storyboard; name = Base; path = Base.lproj/Main.storyboard; sourceTree = "<group>"; };
		BD339A0B27493AC300021E91 /* Assets.xcassets */ = {isa = PBXFileReference; lastKnownFileType = folder.assetcatalog; path = Assets.xcassets; sourceTree = "<group>"; };
		BD339A0E27493AC300021E91 /* Base */ = {isa = PBXFileReference; lastKnownFileType = file.storyboard; name = Base; path = Base.lproj/LaunchScreen.storyboard; sourceTree = "<group>"; };
		BD339A1027493AC300021E91 /* Info.plist */ = {isa = PBXFileReference; lastKnownFileType = text.plist.xml; path = Info.plist; sourceTree = "<group>"; };
		BD339A1B27493B9200021E91 /* BaseVC.storyboard */ = {isa = PBXFileReference; lastKnownFileType = file.storyboard; path = BaseVC.storyboard; sourceTree = "<group>"; };
		BD339A1E27493B9E00021E91 /* BaseVC.swift */ = {isa = PBXFileReference; lastKnownFileType = sourcecode.swift; path = BaseVC.swift; sourceTree = "<group>"; };
		BD339A2727493C5600021E91 /* Palette.swift */ = {isa = PBXFileReference; lastKnownFileType = sourcecode.swift; path = Palette.swift; sourceTree = "<group>"; };
		BD339A2927493C6100021E91 /* Font.swift */ = {isa = PBXFileReference; lastKnownFileType = sourcecode.swift; path = Font.swift; sourceTree = "<group>"; };
		BD339A2B27493C6700021E91 /* Image.swift */ = {isa = PBXFileReference; lastKnownFileType = sourcecode.swift; path = Image.swift; sourceTree = "<group>"; };
		BD339A2F27493D6500021E91 /* Reusable.swift */ = {isa = PBXFileReference; lastKnownFileType = sourcecode.swift; path = Reusable.swift; sourceTree = "<group>"; };
		BD339A3227493E5700021E91 /* APIConstants.swift */ = {isa = PBXFileReference; lastKnownFileType = sourcecode.swift; path = APIConstants.swift; sourceTree = "<group>"; };
		BD339A3427493EEB00021E91 /* NetworkResult.swift */ = {isa = PBXFileReference; lastKnownFileType = sourcecode.swift; path = NetworkResult.swift; sourceTree = "<group>"; };
		BD339A3627493F3A00021E91 /* GenericResponse.swift */ = {isa = PBXFileReference; lastKnownFileType = sourcecode.swift; path = GenericResponse.swift; sourceTree = "<group>"; };
		BD3B54732852038F003D91D3 /* ProfileView.swift */ = {isa = PBXFileReference; lastKnownFileType = sourcecode.swift; path = ProfileView.swift; sourceTree = "<group>"; };
		BD3B547528520928003D91D3 /* SettingRow.swift */ = {isa = PBXFileReference; lastKnownFileType = sourcecode.swift; path = SettingRow.swift; sourceTree = "<group>"; };
		BD3B547728520D14003D91D3 /* InfoView.swift */ = {isa = PBXFileReference; lastKnownFileType = sourcecode.swift; path = InfoView.swift; sourceTree = "<group>"; };
		BD45C411274947B500229D35 /* SelectVC.storyboard */ = {isa = PBXFileReference; lastKnownFileType = file.storyboard; path = SelectVC.storyboard; sourceTree = "<group>"; };
		BD45C414274947C600229D35 /* SelectVC.swift */ = {isa = PBXFileReference; indentWidth = 4; lastKnownFileType = sourcecode.swift; path = SelectVC.swift; sourceTree = "<group>"; tabWidth = 4; };
		BD45C427274968FB00229D35 /* UIApplication+.swift */ = {isa = PBXFileReference; lastKnownFileType = sourcecode.swift; path = "UIApplication+.swift"; sourceTree = "<group>"; };
		BD45C42927496A8700229D35 /* AppDelegate+.swift */ = {isa = PBXFileReference; lastKnownFileType = sourcecode.swift; path = "AppDelegate+.swift"; sourceTree = "<group>"; };
		BD45C42B27496BA000229D35 /* UIView+.swift */ = {isa = PBXFileReference; lastKnownFileType = sourcecode.swift; path = "UIView+.swift"; sourceTree = "<group>"; };
		BD45C42D27496C4700229D35 /* PopUpVC.swift */ = {isa = PBXFileReference; lastKnownFileType = sourcecode.swift; path = PopUpVC.swift; sourceTree = "<group>"; };
		BD45C4342749937A00229D35 /* CompletePopUp.xib */ = {isa = PBXFileReference; lastKnownFileType = file.xib; path = CompletePopUp.xib; sourceTree = "<group>"; };
		BD45C4362749938400229D35 /* CompletePopUp.swift */ = {isa = PBXFileReference; lastKnownFileType = sourcecode.swift; path = CompletePopUp.swift; sourceTree = "<group>"; };
		BD4C26832853170000EFAEE5 /* ProfileEditViewController.swift */ = {isa = PBXFileReference; lastKnownFileType = sourcecode.swift; path = ProfileEditViewController.swift; sourceTree = "<group>"; };
		BD772D5428B75C02006CBD6B /* ArchiveDetailVC.swift */ = {isa = PBXFileReference; lastKnownFileType = sourcecode.swift; path = ArchiveDetailVC.swift; sourceTree = "<group>"; };
		BD772D5628B75C3B006CBD6B /* ArchiveDetailView.swift */ = {isa = PBXFileReference; lastKnownFileType = sourcecode.swift; path = ArchiveDetailView.swift; sourceTree = "<group>"; };
		BD772D5828B75F7F006CBD6B /* ArchiveTodoTVC.swift */ = {isa = PBXFileReference; lastKnownFileType = sourcecode.swift; path = ArchiveTodoTVC.swift; sourceTree = "<group>"; };
		BDABFA4628508CAB00883B32 /* NavigationBarView.swift */ = {isa = PBXFileReference; lastKnownFileType = sourcecode.swift; path = NavigationBarView.swift; sourceTree = "<group>"; };
		BDABFA482850928600883B32 /* SettingViewController.swift */ = {isa = PBXFileReference; lastKnownFileType = sourcecode.swift; path = SettingViewController.swift; sourceTree = "<group>"; };
		BDABFA4A2850930700883B32 /* SettingViewController.storyboard */ = {isa = PBXFileReference; lastKnownFileType = file.storyboard; path = SettingViewController.storyboard; sourceTree = "<group>"; };
		BDC5CC8D28AD4D1600CBDE12 /* ArchiveVC.swift */ = {isa = PBXFileReference; lastKnownFileType = sourcecode.swift; path = ArchiveVC.swift; sourceTree = "<group>"; };
		BDC5CC9028AD4D8C00CBDE12 /* ArchiveTVC.swift */ = {isa = PBXFileReference; lastKnownFileType = sourcecode.swift; path = ArchiveTVC.swift; sourceTree = "<group>"; };
		BDC5CC9228AD4DC900CBDE12 /* ArchiveBannerView.swift */ = {isa = PBXFileReference; lastKnownFileType = sourcecode.swift; path = ArchiveBannerView.swift; sourceTree = "<group>"; };
		BDC5CC9428AD4DE700CBDE12 /* ArchiveAllVC.swift */ = {isa = PBXFileReference; lastKnownFileType = sourcecode.swift; path = ArchiveAllVC.swift; sourceTree = "<group>"; };
		BDC5CC9628AD4E1600CBDE12 /* ArchiveHeaderView.swift */ = {isa = PBXFileReference; lastKnownFileType = sourcecode.swift; path = ArchiveHeaderView.swift; sourceTree = "<group>"; };
		BDC5CC9828AD4E2500CBDE12 /* ArchiveAllHeaderView.swift */ = {isa = PBXFileReference; lastKnownFileType = sourcecode.swift; path = ArchiveAllHeaderView.swift; sourceTree = "<group>"; };
		BDC5CC9A28AD4E8C00CBDE12 /* ArchiveEmptyView.swift */ = {isa = PBXFileReference; lastKnownFileType = sourcecode.swift; path = ArchiveEmptyView.swift; sourceTree = "<group>"; };
		BDC5CC9C28ADB9EE00CBDE12 /* ArchiveLevelProgressView.swift */ = {isa = PBXFileReference; lastKnownFileType = sourcecode.swift; path = ArchiveLevelProgressView.swift; sourceTree = "<group>"; };
		CD5A903C280A765B3BA5AEA8 /* Pods-MEEW-Client.release.xcconfig */ = {isa = PBXFileReference; includeInIndex = 1; lastKnownFileType = text.xcconfig; name = "Pods-MEEW-Client.release.xcconfig"; path = "Target Support Files/Pods-MEEW-Client/Pods-MEEW-Client.release.xcconfig"; sourceTree = "<group>"; };
		F22A7C2D284A3732006C6572 /* LoadingView.xib */ = {isa = PBXFileReference; lastKnownFileType = file.xib; path = LoadingView.xib; sourceTree = "<group>"; };
		F2C6770927C7DA320020B8F4 /* SelectCarouselLayout.swift */ = {isa = PBXFileReference; indentWidth = 4; lastKnownFileType = sourcecode.swift; path = SelectCarouselLayout.swift; sourceTree = "<group>"; tabWidth = 4; };
		F2C6AAD7284A358A00613BF7 /* LoadingView.swift */ = {isa = PBXFileReference; lastKnownFileType = sourcecode.swift; path = LoadingView.swift; sourceTree = "<group>"; };
		F2E1CAC7281FC41400E4B1FD /* NicknameVC.storyboard */ = {isa = PBXFileReference; lastKnownFileType = file.storyboard; path = NicknameVC.storyboard; sourceTree = "<group>"; };
		F2E1CAC9281FC63500E4B1FD /* NicknameVC.swift */ = {isa = PBXFileReference; lastKnownFileType = sourcecode.swift; path = NicknameVC.swift; sourceTree = "<group>"; };
		F2EC39F8274962CD00805FE3 /* Color.xcassets */ = {isa = PBXFileReference; lastKnownFileType = folder.assetcatalog; path = Color.xcassets; sourceTree = "<group>"; };
		F2EC39FA2749635B00805FE3 /* Spoqa Han Sans Neo Bold.otf */ = {isa = PBXFileReference; lastKnownFileType = file; path = "Spoqa Han Sans Neo Bold.otf"; sourceTree = "<group>"; };
		F2EC39FC2749636B00805FE3 /* Spoqa Han Sans Neo Light.otf */ = {isa = PBXFileReference; lastKnownFileType = file; path = "Spoqa Han Sans Neo Light.otf"; sourceTree = "<group>"; };
		F2EC39FE2749637400805FE3 /* Spoqa Han Sans Neo Thin.otf */ = {isa = PBXFileReference; lastKnownFileType = file; path = "Spoqa Han Sans Neo Thin.otf"; sourceTree = "<group>"; };
		F2EC39FF2749637400805FE3 /* Spoqa Han Sans Neo Medium.otf */ = {isa = PBXFileReference; lastKnownFileType = file; path = "Spoqa Han Sans Neo Medium.otf"; sourceTree = "<group>"; };
		F2EC3A002749637400805FE3 /* Spoqa Han Sans Neo Regular.otf */ = {isa = PBXFileReference; lastKnownFileType = file; path = "Spoqa Han Sans Neo Regular.otf"; sourceTree = "<group>"; };
		F2EC3A0527496AA000805FE3 /* SelectCharacterCVC.swift */ = {isa = PBXFileReference; indentWidth = 4; lastKnownFileType = sourcecode.swift; path = SelectCharacterCVC.swift; sourceTree = "<group>"; tabWidth = 4; };
		F2EC3A0627496AA000805FE3 /* SelectCharacterCVC.xib */ = {isa = PBXFileReference; lastKnownFileType = file.xib; path = SelectCharacterCVC.xib; sourceTree = "<group>"; };
		F2EC3A0927496CD200805FE3 /* SelectCharcterDataModel.swift */ = {isa = PBXFileReference; lastKnownFileType = sourcecode.swift; path = SelectCharcterDataModel.swift; sourceTree = "<group>"; };
		F2EC3A0E2749A1D400805FE3 /* CharacterListService.swift */ = {isa = PBXFileReference; lastKnownFileType = sourcecode.swift; path = CharacterListService.swift; sourceTree = "<group>"; };
		F2EC3A102749A47B00805FE3 /* CharacterRequestDataModel.swift */ = {isa = PBXFileReference; lastKnownFileType = sourcecode.swift; path = CharacterRequestDataModel.swift; sourceTree = "<group>"; };
/* End PBXFileReference section */

/* Begin PBXFrameworksBuildPhase section */
		BD3399FC27493ABF00021E91 /* Frameworks */ = {
			isa = PBXFrameworksBuildPhase;
			buildActionMask = 2147483647;
			files = (
				6A090CA306EA49226DDC0A01 /* Pods_MEEW_Client.framework in Frameworks */,
			);
			runOnlyForDeploymentPostprocessing = 0;
		};
/* End PBXFrameworksBuildPhase section */

/* Begin PBXGroup section */
		27A12DB54726A88317469B2B /* Frameworks */ = {
			isa = PBXGroup;
			children = (
				98BEA8BD86C29D64B7CA220D /* Pods_MEEW_Client.framework */,
			);
			name = Frameworks;
			sourceTree = "<group>";
		};
		6F8A3B6D27FEDD14000FBABE /* Join */ = {
			isa = PBXGroup;
			children = (
				6F3134AC27FF02A400FE1EB4 /* JoinVC.swift */,
				6F3134AD27FF02A400FE1EB4 /* JoinVC.xib */,
			);
			path = Join;
			sourceTree = "<group>";
		};
		BD3399F627493ABF00021E91 = {
			isa = PBXGroup;
			children = (
				BD339A0127493ABF00021E91 /* MEEW-Client */,
				BD339A0027493ABF00021E91 /* Products */,
				EF375EDFD0003B058BCD97D5 /* Pods */,
				27A12DB54726A88317469B2B /* Frameworks */,
			);
			sourceTree = "<group>";
		};
		BD339A0027493ABF00021E91 /* Products */ = {
			isa = PBXGroup;
			children = (
				BD3399FF27493ABF00021E91 /* MEEW-Client.app */,
			);
			name = Products;
			sourceTree = "<group>";
		};
		BD339A0127493ABF00021E91 /* MEEW-Client */ = {
			isa = PBXGroup;
			children = (
				BD09E1AA2809A1C30005D4B3 /* MEEW-Client.entitlements */,
				BD339A1827493B4F00021E91 /* Networks */,
				BD339A1727493B4C00021E91 /* Global */,
				BD339A1627493B4600021E91 /* Screens */,
				BD339A1027493AC300021E91 /* Info.plist */,
			);
			path = "MEEW-Client";
			sourceTree = "<group>";
		};
		BD339A1627493B4600021E91 /* Screens */ = {
			isa = PBXGroup;
			children = (
				F2D357CB284A138C0010FC61 /* Loading */,
				6F8A3B6D27FEDD14000FBABE /* Join */,
				BD339A1A27493B8800021E91 /* Base */,
				BD45C40D274946BF00229D35 /* Select */,
				F2E1CAC4281FC3CE00E4B1FD /* Nickname */,
				BD45C40E2749472700229D35 /* ToDo */,
				BD45C40F2749472900229D35 /* Archive */,
				BDABFA4228508A5000883B32 /* Setting */,
			);
			path = Screens;
			sourceTree = "<group>";
		};
		BD339A1727493B4C00021E91 /* Global */ = {
			isa = PBXGroup;
			children = (
				BD339A2D27493C6C00021E91 /* Extensions */,
				BD339A2027493BEB00021E91 /* Resources */,
				BD339A1927493B7900021E91 /* Supports */,
			);
			path = Global;
			sourceTree = "<group>";
		};
		BD339A1827493B4F00021E91 /* Networks */ = {
			isa = PBXGroup;
			children = (
				6F257EEB2749A3E00055EE43 /* GetToDoService.swift */,
				6F257EED2749A54B0055EE43 /* DataModel.swift */,
				BD339A2627493C1F00021E91 /* APIServices */,
				BD339A2527493C1B00021E91 /* APIModels */,
				BD339A2427493C1200021E91 /* APIConstants */,
			);
			path = Networks;
			sourceTree = "<group>";
		};
		BD339A1927493B7900021E91 /* Supports */ = {
			isa = PBXGroup;
			children = (
				BD339A0827493ABF00021E91 /* Main.storyboard */,
				BD339A0D27493AC300021E91 /* LaunchScreen.storyboard */,
				BD339A0227493ABF00021E91 /* AppDelegate.swift */,
				BD339A0427493ABF00021E91 /* SceneDelegate.swift */,
			);
			path = Supports;
			sourceTree = "<group>";
		};
		BD339A1A27493B8800021E91 /* Base */ = {
			isa = PBXGroup;
			children = (
				BD45C4222749629100229D35 /* Common */,
				BD339A1B27493B9200021E91 /* BaseVC.storyboard */,
				BD339A1E27493B9E00021E91 /* BaseVC.swift */,
			);
			path = Base;
			sourceTree = "<group>";
		};
		BD339A2027493BEB00021E91 /* Resources */ = {
			isa = PBXGroup;
			children = (
				BD339A2327493BF800021E91 /* Colors */,
				BD339A2227493BF600021E91 /* Fonts */,
				BD339A2127493BF100021E91 /* Images */,
			);
			path = Resources;
			sourceTree = "<group>";
		};
		BD339A2127493BF100021E91 /* Images */ = {
			isa = PBXGroup;
			children = (
				BD339A0B27493AC300021E91 /* Assets.xcassets */,
				BD339A2B27493C6700021E91 /* Image.swift */,
			);
			path = Images;
			sourceTree = "<group>";
		};
		BD339A2227493BF600021E91 /* Fonts */ = {
			isa = PBXGroup;
			children = (
				6F8A3B7827FEE48E000FBABE /* Montserrat-Bold.ttf */,
				F2EC39FA2749635B00805FE3 /* Spoqa Han Sans Neo Bold.otf */,
				F2EC39FC2749636B00805FE3 /* Spoqa Han Sans Neo Light.otf */,
				F2EC39FF2749637400805FE3 /* Spoqa Han Sans Neo Medium.otf */,
				F2EC3A002749637400805FE3 /* Spoqa Han Sans Neo Regular.otf */,
				F2EC39FE2749637400805FE3 /* Spoqa Han Sans Neo Thin.otf */,
				BD339A2927493C6100021E91 /* Font.swift */,
			);
			path = Fonts;
			sourceTree = "<group>";
		};
		BD339A2327493BF800021E91 /* Colors */ = {
			isa = PBXGroup;
			children = (
				BD339A2727493C5600021E91 /* Palette.swift */,
				F2EC39F8274962CD00805FE3 /* Color.xcassets */,
			);
			path = Colors;
			sourceTree = "<group>";
		};
		BD339A2427493C1200021E91 /* APIConstants */ = {
			isa = PBXGroup;
			children = (
				BD339A3227493E5700021E91 /* APIConstants.swift */,
			);
			path = APIConstants;
			sourceTree = "<group>";
		};
		BD339A2527493C1B00021E91 /* APIModels */ = {
			isa = PBXGroup;
			children = (
				BD339A3627493F3A00021E91 /* GenericResponse.swift */,
				F2EC3A102749A47B00805FE3 /* CharacterRequestDataModel.swift */,
			);
			path = APIModels;
			sourceTree = "<group>";
		};
		BD339A2627493C1F00021E91 /* APIServices */ = {
			isa = PBXGroup;
			children = (
				BD339A3427493EEB00021E91 /* NetworkResult.swift */,
				F2EC3A0E2749A1D400805FE3 /* CharacterListService.swift */,
			);
			path = APIServices;
			sourceTree = "<group>";
		};
		BD339A2D27493C6C00021E91 /* Extensions */ = {
			isa = PBXGroup;
			children = (
				BD339A2E27493D5700021E91 /* Reusable */,
				BD45C427274968FB00229D35 /* UIApplication+.swift */,
				6FDCA78D2828005E00BB0836 /* UIButton+.swift */,
				BD45C42927496A8700229D35 /* AppDelegate+.swift */,
				BD45C42B27496BA000229D35 /* UIView+.swift */,
			);
			path = Extensions;
			sourceTree = "<group>";
		};
		BD339A2E27493D5700021E91 /* Reusable */ = {
			isa = PBXGroup;
			children = (
				BD339A2F27493D6500021E91 /* Reusable.swift */,
			);
			path = Reusable;
			sourceTree = "<group>";
		};
		BD45C40D274946BF00229D35 /* Select */ = {
			isa = PBXGroup;
			children = (
				F2C6770827C7DA100020B8F4 /* FlowLayout */,
				F2EC3A0427496A8200805FE3 /* Cell */,
				BD45C413274947BC00229D35 /* Controller */,
				BD45C4102749476200229D35 /* Storyboard */,
			);
			path = Select;
			sourceTree = "<group>";
		};
		BD45C40E2749472700229D35 /* ToDo */ = {
			isa = PBXGroup;
			children = (
				BD45C416274947DF00229D35 /* Controller */,
			);
			path = ToDo;
			sourceTree = "<group>";
		};
		BD45C40F2749472900229D35 /* Archive */ = {
			isa = PBXGroup;
			children = (
				BD45C421274948BA00229D35 /* Controller */,
				BD45C42F274978C900229D35 /* View */,
				BDC5CC8F28AD4D4800CBDE12 /* Cell */,
			);
			path = Archive;
			sourceTree = "<group>";
		};
		BD45C4102749476200229D35 /* Storyboard */ = {
			isa = PBXGroup;
			children = (
				BD45C411274947B500229D35 /* SelectVC.storyboard */,
			);
			path = Storyboard;
			sourceTree = "<group>";
		};
		BD45C413274947BC00229D35 /* Controller */ = {
			isa = PBXGroup;
			children = (
				BD45C414274947C600229D35 /* SelectVC.swift */,
			);
			path = Controller;
			sourceTree = "<group>";
		};
		BD45C416274947DF00229D35 /* Controller */ = {
			isa = PBXGroup;
			children = (
				6FDCA7892827E9F100BB0836 /* ToDoVC.swift */,
				6F65C67A2829113B00DD017A /* FinishedModalVC.swift */,
				6F65C67E2829320600DD017A /* BottomSheetVC.swift */,
				6F94BF56283768A600345FFA /* ContentVC.swift */,
				6F673C032837F26400B7E0D3 /* MyCell.swift */,
			);
			path = Controller;
			sourceTree = "<group>";
		};
		BD45C421274948BA00229D35 /* Controller */ = {
			isa = PBXGroup;
			children = (
				BDC5CC8D28AD4D1600CBDE12 /* ArchiveVC.swift */,
				BDC5CC9428AD4DE700CBDE12 /* ArchiveAllVC.swift */,
				BD772D5428B75C02006CBD6B /* ArchiveDetailVC.swift */,
			);
			path = Controller;
			sourceTree = "<group>";
		};
		BD45C4222749629100229D35 /* Common */ = {
			isa = PBXGroup;
			children = (
				BD45C42D27496C4700229D35 /* PopUpVC.swift */,
				BD45C4342749937A00229D35 /* CompletePopUp.xib */,
				BD45C4362749938400229D35 /* CompletePopUp.swift */,
			);
			path = Common;
			sourceTree = "<group>";
		};
		BD45C42F274978C900229D35 /* View */ = {
			isa = PBXGroup;
			children = (
				BDC5CC9228AD4DC900CBDE12 /* ArchiveBannerView.swift */,
				BDC5CC9628AD4E1600CBDE12 /* ArchiveHeaderView.swift */,
				BDC5CC9828AD4E2500CBDE12 /* ArchiveAllHeaderView.swift */,
				BDC5CC9A28AD4E8C00CBDE12 /* ArchiveEmptyView.swift */,
				BDC5CC9C28ADB9EE00CBDE12 /* ArchiveLevelProgressView.swift */,
				BD772D5628B75C3B006CBD6B /* ArchiveDetailView.swift */,
			);
			path = View;
			sourceTree = "<group>";
		};
		BDABFA4228508A5000883B32 /* Setting */ = {
			isa = PBXGroup;
			children = (
				BDABFA4528508A7C00883B32 /* View */,
				BDABFA4328508A7300883B32 /* Controller */,
				BDABFA4428508A7700883B32 /* Storyboard */,
			);
			path = Setting;
			sourceTree = "<group>";
		};
		BDABFA4328508A7300883B32 /* Controller */ = {
			isa = PBXGroup;
			children = (
				BDABFA482850928600883B32 /* SettingViewController.swift */,
				BD4C26832853170000EFAEE5 /* ProfileEditViewController.swift */,
			);
			path = Controller;
			sourceTree = "<group>";
		};
		BDABFA4428508A7700883B32 /* Storyboard */ = {
			isa = PBXGroup;
			children = (
				BDABFA4A2850930700883B32 /* SettingViewController.storyboard */,
			);
			path = Storyboard;
			sourceTree = "<group>";
		};
		BDABFA4528508A7C00883B32 /* View */ = {
			isa = PBXGroup;
			children = (
				BDABFA4628508CAB00883B32 /* NavigationBarView.swift */,
				BD3B54732852038F003D91D3 /* ProfileView.swift */,
				BD3B547528520928003D91D3 /* SettingRow.swift */,
				BD3B547728520D14003D91D3 /* InfoView.swift */,
			);
			path = View;
			sourceTree = "<group>";
		};
		BDC5CC8F28AD4D4800CBDE12 /* Cell */ = {
			isa = PBXGroup;
			children = (
				BDC5CC9028AD4D8C00CBDE12 /* ArchiveTVC.swift */,
				BD772D5828B75F7F006CBD6B /* ArchiveTodoTVC.swift */,
			);
			path = Cell;
			sourceTree = "<group>";
		};
		EF375EDFD0003B058BCD97D5 /* Pods */ = {
			isa = PBXGroup;
			children = (
				092457F45C406AD811590023 /* Pods-MEEW-Client.debug.xcconfig */,
				CD5A903C280A765B3BA5AEA8 /* Pods-MEEW-Client.release.xcconfig */,
			);
			path = Pods;
			sourceTree = "<group>";
		};
		F2C6770827C7DA100020B8F4 /* FlowLayout */ = {
			isa = PBXGroup;
			children = (
				F2C6770927C7DA320020B8F4 /* SelectCarouselLayout.swift */,
			);
			path = FlowLayout;
			sourceTree = "<group>";
		};
		F2D357CB284A138C0010FC61 /* Loading */ = {
			isa = PBXGroup;
			children = (
				F2D357CD284A139B0010FC61 /* Storyboard */,
				F2D357CC284A13960010FC61 /* Controller */,
			);
			path = Loading;
			sourceTree = "<group>";
		};
		F2D357CC284A13960010FC61 /* Controller */ = {
			isa = PBXGroup;
			children = (
				F2C6AAD7284A358A00613BF7 /* LoadingView.swift */,
			);
			path = Controller;
			sourceTree = "<group>";
		};
		F2D357CD284A139B0010FC61 /* Storyboard */ = {
			isa = PBXGroup;
			children = (
				F22A7C2D284A3732006C6572 /* LoadingView.xib */,
			);
			path = Storyboard;
			sourceTree = "<group>";
		};
		F2E1CAC4281FC3CE00E4B1FD /* Nickname */ = {
			isa = PBXGroup;
			children = (
				F2E1CAC5281FC3F000E4B1FD /* Controller */,
				F2E1CAC6281FC3F900E4B1FD /* Storyboard */,
			);
			path = Nickname;
			sourceTree = "<group>";
		};
		F2E1CAC5281FC3F000E4B1FD /* Controller */ = {
			isa = PBXGroup;
			children = (
				F2E1CAC9281FC63500E4B1FD /* NicknameVC.swift */,
			);
			path = Controller;
			sourceTree = "<group>";
		};
		F2E1CAC6281FC3F900E4B1FD /* Storyboard */ = {
			isa = PBXGroup;
			children = (
				F2E1CAC7281FC41400E4B1FD /* NicknameVC.storyboard */,
			);
			path = Storyboard;
			sourceTree = "<group>";
		};
		F2EC3A0427496A8200805FE3 /* Cell */ = {
			isa = PBXGroup;
			children = (
				F2EC3A0527496AA000805FE3 /* SelectCharacterCVC.swift */,
				F2EC3A0627496AA000805FE3 /* SelectCharacterCVC.xib */,
				F2EC3A0927496CD200805FE3 /* SelectCharcterDataModel.swift */,
			);
			path = Cell;
			sourceTree = "<group>";
		};
/* End PBXGroup section */

/* Begin PBXNativeTarget section */
		BD3399FE27493ABF00021E91 /* MEEW-Client */ = {
			isa = PBXNativeTarget;
			buildConfigurationList = BD339A1327493AC300021E91 /* Build configuration list for PBXNativeTarget "MEEW-Client" */;
			buildPhases = (
				66A7B19482E3519A06A05CA4 /* [CP] Check Pods Manifest.lock */,
				BD3399FB27493ABF00021E91 /* Sources */,
				BD3399FC27493ABF00021E91 /* Frameworks */,
				BD3399FD27493ABF00021E91 /* Resources */,
				E95E46E6FE3CA89A2B738908 /* [CP] Embed Pods Frameworks */,
			);
			buildRules = (
			);
			dependencies = (
			);
			name = "MEEW-Client";
			productName = "MEEW-Client";
			productReference = BD3399FF27493ABF00021E91 /* MEEW-Client.app */;
			productType = "com.apple.product-type.application";
		};
/* End PBXNativeTarget section */

/* Begin PBXProject section */
		BD3399F727493ABF00021E91 /* Project object */ = {
			isa = PBXProject;
			attributes = {
				BuildIndependentTargetsInParallel = 1;
				LastSwiftUpdateCheck = 1310;
				LastUpgradeCheck = 1310;
				TargetAttributes = {
					BD3399FE27493ABF00021E91 = {
						CreatedOnToolsVersion = 13.1;
					};
				};
			};
			buildConfigurationList = BD3399FA27493ABF00021E91 /* Build configuration list for PBXProject "MEEW-Client" */;
			compatibilityVersion = "Xcode 13.0";
			developmentRegion = en;
			hasScannedForEncodings = 0;
			knownRegions = (
				en,
				Base,
			);
			mainGroup = BD3399F627493ABF00021E91;
			productRefGroup = BD339A0027493ABF00021E91 /* Products */;
			projectDirPath = "";
			projectRoot = "";
			targets = (
				BD3399FE27493ABF00021E91 /* MEEW-Client */,
			);
		};
/* End PBXProject section */

/* Begin PBXResourcesBuildPhase section */
		BD3399FD27493ABF00021E91 /* Resources */ = {
			isa = PBXResourcesBuildPhase;
			buildActionMask = 2147483647;
			files = (
				BD339A1C27493B9200021E91 /* BaseVC.storyboard in Resources */,
				F2EC39F9274962CD00805FE3 /* Color.xcassets in Resources */,
				6F3134AF27FF02A400FE1EB4 /* JoinVC.xib in Resources */,
				F2EC3A022749637400805FE3 /* Spoqa Han Sans Neo Medium.otf in Resources */,
				F2E1CAC8281FC41400E4B1FD /* NicknameVC.storyboard in Resources */,
				F2EC3A0827496AA000805FE3 /* SelectCharacterCVC.xib in Resources */,
				F2EC3A012749637400805FE3 /* Spoqa Han Sans Neo Thin.otf in Resources */,
				BD45C4352749937A00229D35 /* CompletePopUp.xib in Resources */,
				BD339A0F27493AC300021E91 /* LaunchScreen.storyboard in Resources */,
				BDABFA4B2850930700883B32 /* SettingViewController.storyboard in Resources */,
				F2EC39FD2749636B00805FE3 /* Spoqa Han Sans Neo Light.otf in Resources */,
				6F8A3B7927FEE48E000FBABE /* Montserrat-Bold.ttf in Resources */,
				BD339A0C27493AC300021E91 /* Assets.xcassets in Resources */,
				F2EC39FB2749635B00805FE3 /* Spoqa Han Sans Neo Bold.otf in Resources */,
				BD339A0A27493ABF00021E91 /* Main.storyboard in Resources */,
				F22A7C2E284A3732006C6572 /* LoadingView.xib in Resources */,
				BD45C412274947B500229D35 /* SelectVC.storyboard in Resources */,
				F2EC3A032749637400805FE3 /* Spoqa Han Sans Neo Regular.otf in Resources */,
			);
			runOnlyForDeploymentPostprocessing = 0;
		};
/* End PBXResourcesBuildPhase section */

/* Begin PBXShellScriptBuildPhase section */
		66A7B19482E3519A06A05CA4 /* [CP] Check Pods Manifest.lock */ = {
			isa = PBXShellScriptBuildPhase;
			buildActionMask = 2147483647;
			files = (
			);
			inputFileListPaths = (
			);
			inputPaths = (
				"${PODS_PODFILE_DIR_PATH}/Podfile.lock",
				"${PODS_ROOT}/Manifest.lock",
			);
			name = "[CP] Check Pods Manifest.lock";
			outputFileListPaths = (
			);
			outputPaths = (
				"$(DERIVED_FILE_DIR)/Pods-MEEW-Client-checkManifestLockResult.txt",
			);
			runOnlyForDeploymentPostprocessing = 0;
			shellPath = /bin/sh;
			shellScript = "diff \"${PODS_PODFILE_DIR_PATH}/Podfile.lock\" \"${PODS_ROOT}/Manifest.lock\" > /dev/null\nif [ $? != 0 ] ; then\n    # print error to STDERR\n    echo \"error: The sandbox is not in sync with the Podfile.lock. Run 'pod install' or update your CocoaPods installation.\" >&2\n    exit 1\nfi\n# This output is used by Xcode 'outputs' to avoid re-running this script phase.\necho \"SUCCESS\" > \"${SCRIPT_OUTPUT_FILE_0}\"\n";
			showEnvVarsInLog = 0;
		};
		E95E46E6FE3CA89A2B738908 /* [CP] Embed Pods Frameworks */ = {
			isa = PBXShellScriptBuildPhase;
			buildActionMask = 2147483647;
			files = (
			);
			inputFileListPaths = (
				"${PODS_ROOT}/Target Support Files/Pods-MEEW-Client/Pods-MEEW-Client-frameworks-${CONFIGURATION}-input-files.xcfilelist",
			);
			name = "[CP] Embed Pods Frameworks";
			outputFileListPaths = (
				"${PODS_ROOT}/Target Support Files/Pods-MEEW-Client/Pods-MEEW-Client-frameworks-${CONFIGURATION}-output-files.xcfilelist",
			);
			runOnlyForDeploymentPostprocessing = 0;
			shellPath = /bin/sh;
			shellScript = "\"${PODS_ROOT}/Target Support Files/Pods-MEEW-Client/Pods-MEEW-Client-frameworks.sh\"\n";
			showEnvVarsInLog = 0;
		};
/* End PBXShellScriptBuildPhase section */

/* Begin PBXSourcesBuildPhase section */
		BD3399FB27493ABF00021E91 /* Sources */ = {
			isa = PBXSourcesBuildPhase;
			buildActionMask = 2147483647;
			files = (
				BD339A3727493F3A00021E91 /* GenericResponse.swift in Sources */,
				BD339A0327493ABF00021E91 /* AppDelegate.swift in Sources */,
				BD4C26842853170000EFAEE5 /* ProfileEditViewController.swift in Sources */,
				6F65C67B2829113B00DD017A /* FinishedModalVC.swift in Sources */,
				6F65C67F2829320600DD017A /* BottomSheetVC.swift in Sources */,
				F2EC3A112749A47B00805FE3 /* CharacterRequestDataModel.swift in Sources */,
				BD772D5928B75F7F006CBD6B /* ArchiveTodoTVC.swift in Sources */,
				BD45C4372749938400229D35 /* CompletePopUp.swift in Sources */,
				F2C6AAD8284A358A00613BF7 /* LoadingView.swift in Sources */,
				BD339A2C27493C6700021E91 /* Image.swift in Sources */,
				BD3B547628520928003D91D3 /* SettingRow.swift in Sources */,
				F2EC3A0727496AA000805FE3 /* SelectCharacterCVC.swift in Sources */,
				BDC5CC9B28AD4E8C00CBDE12 /* ArchiveEmptyView.swift in Sources */,
				F2EC3A0A27496CD200805FE3 /* SelectCharcterDataModel.swift in Sources */,
				6FDCA78B2827E9F100BB0836 /* ToDoVC.swift in Sources */,
				F2EC3A0F2749A1D400805FE3 /* CharacterListService.swift in Sources */,
				BD45C42A27496A8700229D35 /* AppDelegate+.swift in Sources */,
				BD339A0527493ABF00021E91 /* SceneDelegate.swift in Sources */,
				BDC5CC8E28AD4D1600CBDE12 /* ArchiveVC.swift in Sources */,
				BD772D5728B75C3B006CBD6B /* ArchiveDetailView.swift in Sources */,
				BD45C428274968FB00229D35 /* UIApplication+.swift in Sources */,
				F2C6770A27C7DA320020B8F4 /* SelectCarouselLayout.swift in Sources */,
				F2E1CACA281FC63500E4B1FD /* NicknameVC.swift in Sources */,
				BD3B547828520D14003D91D3 /* InfoView.swift in Sources */,
				BD339A3527493EEB00021E91 /* NetworkResult.swift in Sources */,
				BD45C42E27496C4700229D35 /* PopUpVC.swift in Sources */,
				BDC5CC9128AD4D8C00CBDE12 /* ArchiveTVC.swift in Sources */,
				BDABFA4728508CAB00883B32 /* NavigationBarView.swift in Sources */,
				BD45C42C27496BA000229D35 /* UIView+.swift in Sources */,
				BDC5CC9928AD4E2500CBDE12 /* ArchiveAllHeaderView.swift in Sources */,
				6F3134AE27FF02A400FE1EB4 /* JoinVC.swift in Sources */,
				BDC5CC9728AD4E1600CBDE12 /* ArchiveHeaderView.swift in Sources */,
				6FDCA78E2828005E00BB0836 /* UIButton+.swift in Sources */,
				BD339A2A27493C6200021E91 /* Font.swift in Sources */,
				BDABFA492850928600883B32 /* SettingViewController.swift in Sources */,
				BD339A3327493E5700021E91 /* APIConstants.swift in Sources */,
				BD3B54742852038F003D91D3 /* ProfileView.swift in Sources */,
				BD339A1F27493B9E00021E91 /* BaseVC.swift in Sources */,
				BD339A2827493C5600021E91 /* Palette.swift in Sources */,
				BD45C415274947C600229D35 /* SelectVC.swift in Sources */,
				6F673C042837F26400B7E0D3 /* MyCell.swift in Sources */,
				BD772D5528B75C02006CBD6B /* ArchiveDetailVC.swift in Sources */,
				BDC5CC9D28ADB9EE00CBDE12 /* ArchiveLevelProgressView.swift in Sources */,
				BD339A3027493D6500021E91 /* Reusable.swift in Sources */,
				6F257EEC2749A3E00055EE43 /* GetToDoService.swift in Sources */,
				BDC5CC9528AD4DE700CBDE12 /* ArchiveAllVC.swift in Sources */,
				6F94BF57283768A600345FFA /* ContentVC.swift in Sources */,
				6F257EEE2749A54B0055EE43 /* DataModel.swift in Sources */,
				BDC5CC9328AD4DC900CBDE12 /* ArchiveBannerView.swift in Sources */,
			);
			runOnlyForDeploymentPostprocessing = 0;
		};
/* End PBXSourcesBuildPhase section */

/* Begin PBXVariantGroup section */
		BD339A0827493ABF00021E91 /* Main.storyboard */ = {
			isa = PBXVariantGroup;
			children = (
				BD339A0927493ABF00021E91 /* Base */,
			);
			name = Main.storyboard;
			sourceTree = "<group>";
		};
		BD339A0D27493AC300021E91 /* LaunchScreen.storyboard */ = {
			isa = PBXVariantGroup;
			children = (
				BD339A0E27493AC300021E91 /* Base */,
			);
			name = LaunchScreen.storyboard;
			sourceTree = "<group>";
		};
/* End PBXVariantGroup section */

/* Begin XCBuildConfiguration section */
		BD339A1127493AC300021E91 /* Debug */ = {
			isa = XCBuildConfiguration;
			buildSettings = {
				ALWAYS_SEARCH_USER_PATHS = NO;
				CLANG_ANALYZER_NONNULL = YES;
				CLANG_ANALYZER_NUMBER_OBJECT_CONVERSION = YES_AGGRESSIVE;
				CLANG_CXX_LANGUAGE_STANDARD = "gnu++17";
				CLANG_CXX_LIBRARY = "libc++";
				CLANG_ENABLE_MODULES = YES;
				CLANG_ENABLE_OBJC_ARC = YES;
				CLANG_ENABLE_OBJC_WEAK = YES;
				CLANG_WARN_BLOCK_CAPTURE_AUTORELEASING = YES;
				CLANG_WARN_BOOL_CONVERSION = YES;
				CLANG_WARN_COMMA = YES;
				CLANG_WARN_CONSTANT_CONVERSION = YES;
				CLANG_WARN_DEPRECATED_OBJC_IMPLEMENTATIONS = YES;
				CLANG_WARN_DIRECT_OBJC_ISA_USAGE = YES_ERROR;
				CLANG_WARN_DOCUMENTATION_COMMENTS = YES;
				CLANG_WARN_EMPTY_BODY = YES;
				CLANG_WARN_ENUM_CONVERSION = YES;
				CLANG_WARN_INFINITE_RECURSION = YES;
				CLANG_WARN_INT_CONVERSION = YES;
				CLANG_WARN_NON_LITERAL_NULL_CONVERSION = YES;
				CLANG_WARN_OBJC_IMPLICIT_RETAIN_SELF = YES;
				CLANG_WARN_OBJC_LITERAL_CONVERSION = YES;
				CLANG_WARN_OBJC_ROOT_CLASS = YES_ERROR;
				CLANG_WARN_QUOTED_INCLUDE_IN_FRAMEWORK_HEADER = YES;
				CLANG_WARN_RANGE_LOOP_ANALYSIS = YES;
				CLANG_WARN_STRICT_PROTOTYPES = YES;
				CLANG_WARN_SUSPICIOUS_MOVE = YES;
				CLANG_WARN_UNGUARDED_AVAILABILITY = YES_AGGRESSIVE;
				CLANG_WARN_UNREACHABLE_CODE = YES;
				CLANG_WARN__DUPLICATE_METHOD_MATCH = YES;
				COPY_PHASE_STRIP = NO;
				DEBUG_INFORMATION_FORMAT = dwarf;
				ENABLE_STRICT_OBJC_MSGSEND = YES;
				ENABLE_TESTABILITY = YES;
				"EXCLUDED_ARCHS[sdk=*]" = arm64;
				GCC_C_LANGUAGE_STANDARD = gnu11;
				GCC_DYNAMIC_NO_PIC = NO;
				GCC_NO_COMMON_BLOCKS = YES;
				GCC_OPTIMIZATION_LEVEL = 0;
				GCC_PREPROCESSOR_DEFINITIONS = (
					"DEBUG=1",
					"$(inherited)",
				);
				GCC_WARN_64_TO_32_BIT_CONVERSION = YES;
				GCC_WARN_ABOUT_RETURN_TYPE = YES_ERROR;
				GCC_WARN_UNDECLARED_SELECTOR = YES;
				GCC_WARN_UNINITIALIZED_AUTOS = YES_AGGRESSIVE;
				GCC_WARN_UNUSED_FUNCTION = YES;
				GCC_WARN_UNUSED_VARIABLE = YES;
				IPHONEOS_DEPLOYMENT_TARGET = 13.0;
				MTL_ENABLE_DEBUG_INFO = INCLUDE_SOURCE;
				MTL_FAST_MATH = YES;
				ONLY_ACTIVE_ARCH = YES;
				SDKROOT = iphoneos;
				SWIFT_ACTIVE_COMPILATION_CONDITIONS = DEBUG;
				SWIFT_OPTIMIZATION_LEVEL = "-Onone";
			};
			name = Debug;
		};
		BD339A1227493AC300021E91 /* Release */ = {
			isa = XCBuildConfiguration;
			buildSettings = {
				ALWAYS_SEARCH_USER_PATHS = NO;
				CLANG_ANALYZER_NONNULL = YES;
				CLANG_ANALYZER_NUMBER_OBJECT_CONVERSION = YES_AGGRESSIVE;
				CLANG_CXX_LANGUAGE_STANDARD = "gnu++17";
				CLANG_CXX_LIBRARY = "libc++";
				CLANG_ENABLE_MODULES = YES;
				CLANG_ENABLE_OBJC_ARC = YES;
				CLANG_ENABLE_OBJC_WEAK = YES;
				CLANG_WARN_BLOCK_CAPTURE_AUTORELEASING = YES;
				CLANG_WARN_BOOL_CONVERSION = YES;
				CLANG_WARN_COMMA = YES;
				CLANG_WARN_CONSTANT_CONVERSION = YES;
				CLANG_WARN_DEPRECATED_OBJC_IMPLEMENTATIONS = YES;
				CLANG_WARN_DIRECT_OBJC_ISA_USAGE = YES_ERROR;
				CLANG_WARN_DOCUMENTATION_COMMENTS = YES;
				CLANG_WARN_EMPTY_BODY = YES;
				CLANG_WARN_ENUM_CONVERSION = YES;
				CLANG_WARN_INFINITE_RECURSION = YES;
				CLANG_WARN_INT_CONVERSION = YES;
				CLANG_WARN_NON_LITERAL_NULL_CONVERSION = YES;
				CLANG_WARN_OBJC_IMPLICIT_RETAIN_SELF = YES;
				CLANG_WARN_OBJC_LITERAL_CONVERSION = YES;
				CLANG_WARN_OBJC_ROOT_CLASS = YES_ERROR;
				CLANG_WARN_QUOTED_INCLUDE_IN_FRAMEWORK_HEADER = YES;
				CLANG_WARN_RANGE_LOOP_ANALYSIS = YES;
				CLANG_WARN_STRICT_PROTOTYPES = YES;
				CLANG_WARN_SUSPICIOUS_MOVE = YES;
				CLANG_WARN_UNGUARDED_AVAILABILITY = YES_AGGRESSIVE;
				CLANG_WARN_UNREACHABLE_CODE = YES;
				CLANG_WARN__DUPLICATE_METHOD_MATCH = YES;
				COPY_PHASE_STRIP = NO;
				DEBUG_INFORMATION_FORMAT = "dwarf-with-dsym";
				ENABLE_NS_ASSERTIONS = NO;
				ENABLE_STRICT_OBJC_MSGSEND = YES;
				"EXCLUDED_ARCHS[sdk=*]" = "";
				GCC_C_LANGUAGE_STANDARD = gnu11;
				GCC_NO_COMMON_BLOCKS = YES;
				GCC_WARN_64_TO_32_BIT_CONVERSION = YES;
				GCC_WARN_ABOUT_RETURN_TYPE = YES_ERROR;
				GCC_WARN_UNDECLARED_SELECTOR = YES;
				GCC_WARN_UNINITIALIZED_AUTOS = YES_AGGRESSIVE;
				GCC_WARN_UNUSED_FUNCTION = YES;
				GCC_WARN_UNUSED_VARIABLE = YES;
				IPHONEOS_DEPLOYMENT_TARGET = 13.0;
				MTL_ENABLE_DEBUG_INFO = NO;
				MTL_FAST_MATH = YES;
				SDKROOT = iphoneos;
				SWIFT_COMPILATION_MODE = wholemodule;
				SWIFT_OPTIMIZATION_LEVEL = "-O";
				VALIDATE_PRODUCT = YES;
			};
			name = Release;
		};
		BD339A1427493AC300021E91 /* Debug */ = {
			isa = XCBuildConfiguration;
			baseConfigurationReference = 092457F45C406AD811590023 /* Pods-MEEW-Client.debug.xcconfig */;
			buildSettings = {
				ASSETCATALOG_COMPILER_APPICON_NAME = AppIcon;
				ASSETCATALOG_COMPILER_GLOBAL_ACCENT_COLOR_NAME = AccentColor;
				CODE_SIGN_ENTITLEMENTS = "MEEW-Client/MEEW-Client.entitlements";
				CODE_SIGN_IDENTITY = "iPhone Developer";
				CODE_SIGN_STYLE = Manual;
				CURRENT_PROJECT_VERSION = 1;
				DEVELOPMENT_TEAM = W7P3R7ZL78;
				GENERATE_INFOPLIST_FILE = YES;
				INFOPLIST_FILE = "MEEW-Client/Info.plist";
				INFOPLIST_KEY_UIApplicationSupportsIndirectInputEvents = YES;
				INFOPLIST_KEY_UILaunchStoryboardName = LaunchScreen;
				INFOPLIST_KEY_UIMainStoryboardFile = Main;
				INFOPLIST_KEY_UISupportedInterfaceOrientations_iPad = "UIInterfaceOrientationPortrait UIInterfaceOrientationPortraitUpsideDown UIInterfaceOrientationLandscapeLeft UIInterfaceOrientationLandscapeRight";
				INFOPLIST_KEY_UISupportedInterfaceOrientations_iPhone = "UIInterfaceOrientationPortrait UIInterfaceOrientationLandscapeLeft UIInterfaceOrientationLandscapeRight";
				INFOPLIST_KEY_UIUserInterfaceStyle = Light;
				IPHONEOS_DEPLOYMENT_TARGET = 13.0;
				LD_RUNPATH_SEARCH_PATHS = (
					"$(inherited)",
					"@executable_path/Frameworks",
				);
				MARKETING_VERSION = 1.0;
				PRODUCT_BUNDLE_IDENTIFIER = com.meewcorp.meew;
				PRODUCT_NAME = "$(TARGET_NAME)";
				PROVISIONING_PROFILE_SPECIFIER = "ME:EW Debug";
				SWIFT_EMIT_LOC_STRINGS = YES;
				SWIFT_VERSION = 5.0;
				TARGETED_DEVICE_FAMILY = 1;
			};
			name = Debug;
		};
		BD339A1527493AC300021E91 /* Release */ = {
			isa = XCBuildConfiguration;
			baseConfigurationReference = CD5A903C280A765B3BA5AEA8 /* Pods-MEEW-Client.release.xcconfig */;
			buildSettings = {
				ASSETCATALOG_COMPILER_APPICON_NAME = AppIcon;
				ASSETCATALOG_COMPILER_GLOBAL_ACCENT_COLOR_NAME = AccentColor;
				CODE_SIGN_ENTITLEMENTS = "MEEW-Client/MEEW-Client.entitlements";
				CODE_SIGN_IDENTITY = "iPhone Distribution";
				CODE_SIGN_STYLE = Manual;
				CURRENT_PROJECT_VERSION = 1;
				DEVELOPMENT_TEAM = W7P3R7ZL78;
				GENERATE_INFOPLIST_FILE = YES;
				INFOPLIST_FILE = "MEEW-Client/Info.plist";
				INFOPLIST_KEY_UIApplicationSupportsIndirectInputEvents = YES;
				INFOPLIST_KEY_UILaunchStoryboardName = LaunchScreen;
				INFOPLIST_KEY_UIMainStoryboardFile = Main;
				INFOPLIST_KEY_UISupportedInterfaceOrientations_iPad = "UIInterfaceOrientationPortrait UIInterfaceOrientationPortraitUpsideDown UIInterfaceOrientationLandscapeLeft UIInterfaceOrientationLandscapeRight";
				INFOPLIST_KEY_UISupportedInterfaceOrientations_iPhone = "UIInterfaceOrientationPortrait UIInterfaceOrientationLandscapeLeft UIInterfaceOrientationLandscapeRight";
				INFOPLIST_KEY_UIUserInterfaceStyle = Light;
				IPHONEOS_DEPLOYMENT_TARGET = 13.0;
				LD_RUNPATH_SEARCH_PATHS = (
					"$(inherited)",
					"@executable_path/Frameworks",
				);
				MARKETING_VERSION = 1.0;
				PRODUCT_BUNDLE_IDENTIFIER = com.meewcorp.meew;
				PRODUCT_NAME = "$(TARGET_NAME)";
				PROVISIONING_PROFILE_SPECIFIER = "ME:EW Distribution";
				SWIFT_EMIT_LOC_STRINGS = YES;
				SWIFT_VERSION = 5.0;
				TARGETED_DEVICE_FAMILY = 1;
			};
			name = Release;
		};
/* End XCBuildConfiguration section */

/* Begin XCConfigurationList section */
		BD3399FA27493ABF00021E91 /* Build configuration list for PBXProject "MEEW-Client" */ = {
			isa = XCConfigurationList;
			buildConfigurations = (
				BD339A1127493AC300021E91 /* Debug */,
				BD339A1227493AC300021E91 /* Release */,
			);
			defaultConfigurationIsVisible = 0;
			defaultConfigurationName = Release;
		};
		BD339A1327493AC300021E91 /* Build configuration list for PBXNativeTarget "MEEW-Client" */ = {
			isa = XCConfigurationList;
			buildConfigurations = (
				BD339A1427493AC300021E91 /* Debug */,
				BD339A1527493AC300021E91 /* Release */,
			);
			defaultConfigurationIsVisible = 0;
			defaultConfigurationName = Release;
		};
/* End XCConfigurationList section */
	};
	rootObject = BD3399F727493ABF00021E91 /* Project object */;
}
